
Microsoft Visual Studio Solution File, Format Version 12.00
# Visual Studio 15
VisualStudioVersion = 15.0.28307.102
MinimumVisualStudioVersion = 10.0.40219.1
Project("{FAE04EC0-301F-11D3-BF4B-00C04F79EFBC}") = "69.7._URI-1187", "69.7._URI-1187\69.7._URI-1187.csproj", "{60C0ECE8-F63C-48D8-A30B-34A525E441C2}"
EndProject
Global
	GlobalSection(SolutionConfigurationPlatforms) = preSolution
		Debug|Any CPU = Debug|Any CPU
		Release|Any CPU = Release|Any CPU
	EndGlobalSection
	GlobalSection(ProjectConfigurationPlatforms) = postSolution
		{60C0ECE8-F63C-48D8-A30B-34A525E441C2}.Debug|Any CPU.ActiveCfg = Debug|Any CPU
		{60C0ECE8-F63C-48D8-A30B-34A525E441C2}.Debug|Any CPU.Build.0 = Debug|Any CPU
		{60C0ECE8-F63C-48D8-A30B-34A525E441C2}.Release|Any CPU.ActiveCfg = Release|Any CPU
		{60C0ECE8-F63C-48D8-A30B-34A525E441C2}.Release|Any CPU.Build.0 = Release|Any CPU
	EndGlobalSection
	GlobalSection(SolutionProperties) = preSolution
		HideSolutionNode = FALSE
	EndGlobalSection
	GlobalSection(ExtensibilityGlobals) = postSolution
		SolutionGuid = {4048DE1A-CDDC-4E97-9310-16CB629C1BA6}
	EndGlobalSection
EndGlobal
