
Microsoft Visual Studio Solution File, Format Version 12.00
# Visual Studio 15
VisualStudioVersion = 15.0.28307.102
MinimumVisualStudioVersion = 10.0.40219.1
Project("{FAE04EC0-301F-11D3-BF4B-00C04F79EFBC}") = "69.10._URI-1190", "69.10._URI-1190\69.10._URI-1190.csproj", "{5B499B97-0CAB-4369-8811-50F0C08F7548}"
EndProject
Global
	GlobalSection(SolutionConfigurationPlatforms) = preSolution
		Debug|Any CPU = Debug|Any CPU
		Release|Any CPU = Release|Any CPU
	EndGlobalSection
	GlobalSection(ProjectConfigurationPlatforms) = postSolution
		{5B499B97-0CAB-4369-8811-50F0C08F7548}.Debug|Any CPU.ActiveCfg = Debug|Any CPU
		{5B499B97-0CAB-4369-8811-50F0C08F7548}.Debug|Any CPU.Build.0 = Debug|Any CPU
		{5B499B97-0CAB-4369-8811-50F0C08F7548}.Release|Any CPU.ActiveCfg = Release|Any CPU
		{5B499B97-0CAB-4369-8811-50F0C08F7548}.Release|Any CPU.Build.0 = Release|Any CPU
	EndGlobalSection
	GlobalSection(SolutionProperties) = preSolution
		HideSolutionNode = FALSE
	EndGlobalSection
	GlobalSection(ExtensibilityGlobals) = postSolution
		SolutionGuid = {ADE6F642-4A46-4BF9-A3CC-5AB95AD8E83A}
	EndGlobalSection
EndGlobal
