
Microsoft Visual Studio Solution File, Format Version 12.00
# Visual Studio 15
VisualStudioVersion = 15.0.28307.102
MinimumVisualStudioVersion = 10.0.40219.1
Project("{FAE04EC0-301F-11D3-BF4B-00C04F79EFBC}") = "63.1_Exemplo_01-Matrizes", "63.1_Exemplo_01-Matrizes\63.1_Exemplo_01-Matrizes.csproj", "{B8ADB487-A6E1-4378-BF91-7AC48E2BE9A4}"
EndProject
Global
	GlobalSection(SolutionConfigurationPlatforms) = preSolution
		Debug|Any CPU = Debug|Any CPU
		Release|Any CPU = Release|Any CPU
	EndGlobalSection
	GlobalSection(ProjectConfigurationPlatforms) = postSolution
		{B8ADB487-A6E1-4378-BF91-7AC48E2BE9A4}.Debug|Any CPU.ActiveCfg = Debug|Any CPU
		{B8ADB487-A6E1-4378-BF91-7AC48E2BE9A4}.Debug|Any CPU.Build.0 = Debug|Any CPU
		{B8ADB487-A6E1-4378-BF91-7AC48E2BE9A4}.Release|Any CPU.ActiveCfg = Release|Any CPU
		{B8ADB487-A6E1-4378-BF91-7AC48E2BE9A4}.Release|Any CPU.Build.0 = Release|Any CPU
	EndGlobalSection
	GlobalSection(SolutionProperties) = preSolution
		HideSolutionNode = FALSE
	EndGlobalSection
	GlobalSection(ExtensibilityGlobals) = postSolution
		SolutionGuid = {B387702F-B3C5-4783-9C77-810A81869BBC}
	EndGlobalSection
EndGlobal
