
Microsoft Visual Studio Solution File, Format Version 12.00
# Visual Studio 15
VisualStudioVersion = 15.0.28307.102
MinimumVisualStudioVersion = 10.0.40219.1
Project("{FAE04EC0-301F-11D3-BF4B-00C04F79EFBC}") = "69.9._URI-1189", "69.9._URI-1189\69.9._URI-1189.csproj", "{0E883773-0EF1-4BE6-8EFD-0B3FE40FDA0F}"
EndProject
Global
	GlobalSection(SolutionConfigurationPlatforms) = preSolution
		Debug|Any CPU = Debug|Any CPU
		Release|Any CPU = Release|Any CPU
	EndGlobalSection
	GlobalSection(ProjectConfigurationPlatforms) = postSolution
		{0E883773-0EF1-4BE6-8EFD-0B3FE40FDA0F}.Debug|Any CPU.ActiveCfg = Debug|Any CPU
		{0E883773-0EF1-4BE6-8EFD-0B3FE40FDA0F}.Debug|Any CPU.Build.0 = Debug|Any CPU
		{0E883773-0EF1-4BE6-8EFD-0B3FE40FDA0F}.Release|Any CPU.ActiveCfg = Release|Any CPU
		{0E883773-0EF1-4BE6-8EFD-0B3FE40FDA0F}.Release|Any CPU.Build.0 = Release|Any CPU
	EndGlobalSection
	GlobalSection(SolutionProperties) = preSolution
		HideSolutionNode = FALSE
	EndGlobalSection
	GlobalSection(ExtensibilityGlobals) = postSolution
		SolutionGuid = {A1809F8D-F5BA-489D-B19B-A8B3885B7C2E}
	EndGlobalSection
EndGlobal
