
Microsoft Visual Studio Solution File, Format Version 12.00
# Visual Studio 15
VisualStudioVersion = 15.0.28307.102
MinimumVisualStudioVersion = 10.0.40219.1
Project("{FAE04EC0-301F-11D3-BF4B-00C04F79EFBC}") = "33.1_Exercicio_resolvido_URI_1113", "33.1_Exercicio_resolvido_URI_1113\33.1_Exercicio_resolvido_URI_1113.csproj", "{667A6725-A95C-4701-A1A2-90C5B1768FD4}"
EndProject
Global
	GlobalSection(SolutionConfigurationPlatforms) = preSolution
		Debug|Any CPU = Debug|Any CPU
		Release|Any CPU = Release|Any CPU
	EndGlobalSection
	GlobalSection(ProjectConfigurationPlatforms) = postSolution
		{667A6725-A95C-4701-A1A2-90C5B1768FD4}.Debug|Any CPU.ActiveCfg = Debug|Any CPU
		{667A6725-A95C-4701-A1A2-90C5B1768FD4}.Debug|Any CPU.Build.0 = Debug|Any CPU
		{667A6725-A95C-4701-A1A2-90C5B1768FD4}.Release|Any CPU.ActiveCfg = Release|Any CPU
		{667A6725-A95C-4701-A1A2-90C5B1768FD4}.Release|Any CPU.Build.0 = Release|Any CPU
	EndGlobalSection
	GlobalSection(SolutionProperties) = preSolution
		HideSolutionNode = FALSE
	EndGlobalSection
	GlobalSection(ExtensibilityGlobals) = postSolution
		SolutionGuid = {C61203DA-4845-4FF0-BF61-8D04B412D9B3}
	EndGlobalSection
EndGlobal
