
Microsoft Visual Studio Solution File, Format Version 12.00
# Visual Studio 15
VisualStudioVersion = 15.0.28307.102
MinimumVisualStudioVersion = 10.0.40219.1
Project("{FAE04EC0-301F-11D3-BF4B-00C04F79EFBC}") = "16_Processamento_de_Dados_Exemplo_05", "16_Processamento_de_Dados_Exemplo_05\16_Processamento_de_Dados_Exemplo_05.csproj", "{D00F16EA-4480-49AC-839B-E274183EDF48}"
EndProject
Global
	GlobalSection(SolutionConfigurationPlatforms) = preSolution
		Debug|Any CPU = Debug|Any CPU
		Release|Any CPU = Release|Any CPU
	EndGlobalSection
	GlobalSection(ProjectConfigurationPlatforms) = postSolution
		{D00F16EA-4480-49AC-839B-E274183EDF48}.Debug|Any CPU.ActiveCfg = Debug|Any CPU
		{D00F16EA-4480-49AC-839B-E274183EDF48}.Debug|Any CPU.Build.0 = Debug|Any CPU
		{D00F16EA-4480-49AC-839B-E274183EDF48}.Release|Any CPU.ActiveCfg = Release|Any CPU
		{D00F16EA-4480-49AC-839B-E274183EDF48}.Release|Any CPU.Build.0 = Release|Any CPU
	EndGlobalSection
	GlobalSection(SolutionProperties) = preSolution
		HideSolutionNode = FALSE
	EndGlobalSection
	GlobalSection(ExtensibilityGlobals) = postSolution
		SolutionGuid = {78E7CCD9-C7A9-414C-AF0B-26595AB5D271}
	EndGlobalSection
EndGlobal
