
Microsoft Visual Studio Solution File, Format Version 12.00
# Visual Studio 15
VisualStudioVersion = 15.0.28307.102
MinimumVisualStudioVersion = 10.0.40219.1
Project("{FAE04EC0-301F-11D3-BF4B-00C04F79EFBC}") = "52.17_URI-1133", "52.17_URI-1133\52.17_URI-1133.csproj", "{D570DB0F-AFFB-469B-B6BF-4543B1DEDBF2}"
EndProject
Global
	GlobalSection(SolutionConfigurationPlatforms) = preSolution
		Debug|Any CPU = Debug|Any CPU
		Release|Any CPU = Release|Any CPU
	EndGlobalSection
	GlobalSection(ProjectConfigurationPlatforms) = postSolution
		{D570DB0F-AFFB-469B-B6BF-4543B1DEDBF2}.Debug|Any CPU.ActiveCfg = Debug|Any CPU
		{D570DB0F-AFFB-469B-B6BF-4543B1DEDBF2}.Debug|Any CPU.Build.0 = Debug|Any CPU
		{D570DB0F-AFFB-469B-B6BF-4543B1DEDBF2}.Release|Any CPU.ActiveCfg = Release|Any CPU
		{D570DB0F-AFFB-469B-B6BF-4543B1DEDBF2}.Release|Any CPU.Build.0 = Release|Any CPU
	EndGlobalSection
	GlobalSection(SolutionProperties) = preSolution
		HideSolutionNode = FALSE
	EndGlobalSection
	GlobalSection(ExtensibilityGlobals) = postSolution
		SolutionGuid = {E7591176-42F5-4454-B6D9-199D79BC3AD2}
	EndGlobalSection
EndGlobal
