
Microsoft Visual Studio Solution File, Format Version 12.00
# Visual Studio 15
VisualStudioVersion = 15.0.28307.102
MinimumVisualStudioVersion = 10.0.40219.1
Project("{FAE04EC0-301F-11D3-BF4B-00C04F79EFBC}") = "23.9_Exercicio_URI_1009", "23.9_Exercicio_URI_1009\23.9_Exercicio_URI_1009.csproj", "{A65394D1-180E-478C-B85B-96AD63575CD6}"
EndProject
Global
	GlobalSection(SolutionConfigurationPlatforms) = preSolution
		Debug|Any CPU = Debug|Any CPU
		Release|Any CPU = Release|Any CPU
	EndGlobalSection
	GlobalSection(ProjectConfigurationPlatforms) = postSolution
		{A65394D1-180E-478C-B85B-96AD63575CD6}.Debug|Any CPU.ActiveCfg = Debug|Any CPU
		{A65394D1-180E-478C-B85B-96AD63575CD6}.Debug|Any CPU.Build.0 = Debug|Any CPU
		{A65394D1-180E-478C-B85B-96AD63575CD6}.Release|Any CPU.ActiveCfg = Release|Any CPU
		{A65394D1-180E-478C-B85B-96AD63575CD6}.Release|Any CPU.Build.0 = Release|Any CPU
	EndGlobalSection
	GlobalSection(SolutionProperties) = preSolution
		HideSolutionNode = FALSE
	EndGlobalSection
	GlobalSection(ExtensibilityGlobals) = postSolution
		SolutionGuid = {02B8B442-9058-4125-8A10-E9A8B3233F63}
	EndGlobalSection
EndGlobal
