
Microsoft Visual Studio Solution File, Format Version 12.00
# Visual Studio 15
VisualStudioVersion = 15.0.28307.102
MinimumVisualStudioVersion = 10.0.40219.1
Project("{FAE04EC0-301F-11D3-BF4B-00C04F79EFBC}") = "38.20_Exercicio_URI_1066", "38.20_Exercicio_URI_1066\38.20_Exercicio_URI_1066.csproj", "{6930BE51-81B3-49EA-A909-F0A6C9F68E2C}"
EndProject
Global
	GlobalSection(SolutionConfigurationPlatforms) = preSolution
		Debug|Any CPU = Debug|Any CPU
		Release|Any CPU = Release|Any CPU
	EndGlobalSection
	GlobalSection(ProjectConfigurationPlatforms) = postSolution
		{6930BE51-81B3-49EA-A909-F0A6C9F68E2C}.Debug|Any CPU.ActiveCfg = Debug|Any CPU
		{6930BE51-81B3-49EA-A909-F0A6C9F68E2C}.Debug|Any CPU.Build.0 = Debug|Any CPU
		{6930BE51-81B3-49EA-A909-F0A6C9F68E2C}.Release|Any CPU.ActiveCfg = Release|Any CPU
		{6930BE51-81B3-49EA-A909-F0A6C9F68E2C}.Release|Any CPU.Build.0 = Release|Any CPU
	EndGlobalSection
	GlobalSection(SolutionProperties) = preSolution
		HideSolutionNode = FALSE
	EndGlobalSection
	GlobalSection(ExtensibilityGlobals) = postSolution
		SolutionGuid = {F317308D-EA7C-40A5-8D1F-E73389B0CB8D}
	EndGlobalSection
EndGlobal
