
Microsoft Visual Studio Solution File, Format Version 12.00
# Visual Studio 15
VisualStudioVersion = 15.0.28307.102
MinimumVisualStudioVersion = 10.0.40219.1
Project("{FAE04EC0-301F-11D3-BF4B-00C04F79EFBC}") = "52.0_URI-1059", "52.0_URI-1059\52.0_URI-1059.csproj", "{336EDF00-86A4-47E3-96A3-BE319943BDD8}"
EndProject
Global
	GlobalSection(SolutionConfigurationPlatforms) = preSolution
		Debug|Any CPU = Debug|Any CPU
		Release|Any CPU = Release|Any CPU
	EndGlobalSection
	GlobalSection(ProjectConfigurationPlatforms) = postSolution
		{336EDF00-86A4-47E3-96A3-BE319943BDD8}.Debug|Any CPU.ActiveCfg = Debug|Any CPU
		{336EDF00-86A4-47E3-96A3-BE319943BDD8}.Debug|Any CPU.Build.0 = Debug|Any CPU
		{336EDF00-86A4-47E3-96A3-BE319943BDD8}.Release|Any CPU.ActiveCfg = Release|Any CPU
		{336EDF00-86A4-47E3-96A3-BE319943BDD8}.Release|Any CPU.Build.0 = Release|Any CPU
	EndGlobalSection
	GlobalSection(SolutionProperties) = preSolution
		HideSolutionNode = FALSE
	EndGlobalSection
	GlobalSection(ExtensibilityGlobals) = postSolution
		SolutionGuid = {2A6FF2F7-DE68-4A14-AF2D-D74BFAAECDB6}
	EndGlobalSection
EndGlobal
