
Microsoft Visual Studio Solution File, Format Version 12.00
# Visual Studio 15
VisualStudioVersion = 15.0.28307.102
MinimumVisualStudioVersion = 10.0.40219.1
Project("{FAE04EC0-301F-11D3-BF4B-00C04F79EFBC}") = "17_Entrada_de_Dados_Split", "17_Entrada_de_Dados_Split\17_Entrada_de_Dados_Split.csproj", "{2CBD5132-7122-44AF-8A9F-451D0D19B249}"
EndProject
Global
	GlobalSection(SolutionConfigurationPlatforms) = preSolution
		Debug|Any CPU = Debug|Any CPU
		Release|Any CPU = Release|Any CPU
	EndGlobalSection
	GlobalSection(ProjectConfigurationPlatforms) = postSolution
		{2CBD5132-7122-44AF-8A9F-451D0D19B249}.Debug|Any CPU.ActiveCfg = Debug|Any CPU
		{2CBD5132-7122-44AF-8A9F-451D0D19B249}.Debug|Any CPU.Build.0 = Debug|Any CPU
		{2CBD5132-7122-44AF-8A9F-451D0D19B249}.Release|Any CPU.ActiveCfg = Release|Any CPU
		{2CBD5132-7122-44AF-8A9F-451D0D19B249}.Release|Any CPU.Build.0 = Release|Any CPU
	EndGlobalSection
	GlobalSection(SolutionProperties) = preSolution
		HideSolutionNode = FALSE
	EndGlobalSection
	GlobalSection(ExtensibilityGlobals) = postSolution
		SolutionGuid = {ABD87982-01D5-4E69-A724-6C537EF70B29}
	EndGlobalSection
EndGlobal
