
Microsoft Visual Studio Solution File, Format Version 12.00
# Visual Studio 15
VisualStudioVersion = 15.0.28307.102
MinimumVisualStudioVersion = 10.0.40219.1
Project("{FAE04EC0-301F-11D3-BF4B-00C04F79EFBC}") = "52.19_URI-1143", "52.19_URI-1143\52.19_URI-1143.csproj", "{343365D5-BC86-4171-AC2A-B901CA218FB3}"
EndProject
Global
	GlobalSection(SolutionConfigurationPlatforms) = preSolution
		Debug|Any CPU = Debug|Any CPU
		Release|Any CPU = Release|Any CPU
	EndGlobalSection
	GlobalSection(ProjectConfigurationPlatforms) = postSolution
		{343365D5-BC86-4171-AC2A-B901CA218FB3}.Debug|Any CPU.ActiveCfg = Debug|Any CPU
		{343365D5-BC86-4171-AC2A-B901CA218FB3}.Debug|Any CPU.Build.0 = Debug|Any CPU
		{343365D5-BC86-4171-AC2A-B901CA218FB3}.Release|Any CPU.ActiveCfg = Release|Any CPU
		{343365D5-BC86-4171-AC2A-B901CA218FB3}.Release|Any CPU.Build.0 = Release|Any CPU
	EndGlobalSection
	GlobalSection(SolutionProperties) = preSolution
		HideSolutionNode = FALSE
	EndGlobalSection
	GlobalSection(ExtensibilityGlobals) = postSolution
		SolutionGuid = {19654401-5178-45B2-9C02-94ADD251CC2A}
	EndGlobalSection
EndGlobal
