
Microsoft Visual Studio Solution File, Format Version 12.00
# Visual Studio 15
VisualStudioVersion = 15.0.28307.102
MinimumVisualStudioVersion = 10.0.40219.1
Project("{FAE04EC0-301F-11D3-BF4B-00C04F79EFBC}") = "69.2._URI-1182", "69.2._URI-1182\69.2._URI-1182.csproj", "{7AD276A9-2C33-48AE-8642-00DF2F56A0D1}"
EndProject
Global
	GlobalSection(SolutionConfigurationPlatforms) = preSolution
		Debug|Any CPU = Debug|Any CPU
		Release|Any CPU = Release|Any CPU
	EndGlobalSection
	GlobalSection(ProjectConfigurationPlatforms) = postSolution
		{7AD276A9-2C33-48AE-8642-00DF2F56A0D1}.Debug|Any CPU.ActiveCfg = Debug|Any CPU
		{7AD276A9-2C33-48AE-8642-00DF2F56A0D1}.Debug|Any CPU.Build.0 = Debug|Any CPU
		{7AD276A9-2C33-48AE-8642-00DF2F56A0D1}.Release|Any CPU.ActiveCfg = Release|Any CPU
		{7AD276A9-2C33-48AE-8642-00DF2F56A0D1}.Release|Any CPU.Build.0 = Release|Any CPU
	EndGlobalSection
	GlobalSection(SolutionProperties) = preSolution
		HideSolutionNode = FALSE
	EndGlobalSection
	GlobalSection(ExtensibilityGlobals) = postSolution
		SolutionGuid = {42CFD4D0-481B-41D2-B255-756BC982317E}
	EndGlobalSection
EndGlobal
