
Microsoft Visual Studio Solution File, Format Version 12.00
# Visual Studio 15
VisualStudioVersion = 15.0.28307.102
MinimumVisualStudioVersion = 10.0.40219.1
Project("{FAE04EC0-301F-11D3-BF4B-00C04F79EFBC}") = "61.9_Exercicio_Vetores_09", "61.9_Exercicio_Vetores_09\61.9_Exercicio_Vetores_09.csproj", "{B1E5FA44-97B8-4634-9B14-0D153C0A0960}"
EndProject
Global
	GlobalSection(SolutionConfigurationPlatforms) = preSolution
		Debug|Any CPU = Debug|Any CPU
		Release|Any CPU = Release|Any CPU
	EndGlobalSection
	GlobalSection(ProjectConfigurationPlatforms) = postSolution
		{B1E5FA44-97B8-4634-9B14-0D153C0A0960}.Debug|Any CPU.ActiveCfg = Debug|Any CPU
		{B1E5FA44-97B8-4634-9B14-0D153C0A0960}.Debug|Any CPU.Build.0 = Debug|Any CPU
		{B1E5FA44-97B8-4634-9B14-0D153C0A0960}.Release|Any CPU.ActiveCfg = Release|Any CPU
		{B1E5FA44-97B8-4634-9B14-0D153C0A0960}.Release|Any CPU.Build.0 = Release|Any CPU
	EndGlobalSection
	GlobalSection(SolutionProperties) = preSolution
		HideSolutionNode = FALSE
	EndGlobalSection
	GlobalSection(ExtensibilityGlobals) = postSolution
		SolutionGuid = {5EA0FBA8-C50A-4891-AEBB-6D3345EB27BB}
	EndGlobalSection
EndGlobal
