
Microsoft Visual Studio Solution File, Format Version 12.00
# Visual Studio 15
VisualStudioVersion = 15.0.28307.102
MinimumVisualStudioVersion = 10.0.40219.1
Project("{FAE04EC0-301F-11D3-BF4B-00C04F79EFBC}") = "23.1_Exercicio_URI_1002", "23.1_Exercicio_URI_1002\23.1_Exercicio_URI_1002.csproj", "{39A46146-9B05-44FB-AEC4-E21CA401BD1F}"
EndProject
Global
	GlobalSection(SolutionConfigurationPlatforms) = preSolution
		Debug|Any CPU = Debug|Any CPU
		Release|Any CPU = Release|Any CPU
	EndGlobalSection
	GlobalSection(ProjectConfigurationPlatforms) = postSolution
		{39A46146-9B05-44FB-AEC4-E21CA401BD1F}.Debug|Any CPU.ActiveCfg = Debug|Any CPU
		{39A46146-9B05-44FB-AEC4-E21CA401BD1F}.Debug|Any CPU.Build.0 = Debug|Any CPU
		{39A46146-9B05-44FB-AEC4-E21CA401BD1F}.Release|Any CPU.ActiveCfg = Release|Any CPU
		{39A46146-9B05-44FB-AEC4-E21CA401BD1F}.Release|Any CPU.Build.0 = Release|Any CPU
	EndGlobalSection
	GlobalSection(SolutionProperties) = preSolution
		HideSolutionNode = FALSE
	EndGlobalSection
	GlobalSection(ExtensibilityGlobals) = postSolution
		SolutionGuid = {B44E214D-B08F-4574-B0D1-C7E6A5F64951}
	EndGlobalSection
EndGlobal
