
Microsoft Visual Studio Solution File, Format Version 12.00
# Visual Studio 15
VisualStudioVersion = 15.0.28307.102
MinimumVisualStudioVersion = 10.0.40219.1
Project("{FAE04EC0-301F-11D3-BF4B-00C04F79EFBC}") = "38.11_Exercicio_URI_1047", "38.11_Exercicio_URI_1047\38.11_Exercicio_URI_1047.csproj", "{00330DB7-D9E1-409A-A5FC-FC364354580A}"
EndProject
Global
	GlobalSection(SolutionConfigurationPlatforms) = preSolution
		Debug|Any CPU = Debug|Any CPU
		Release|Any CPU = Release|Any CPU
	EndGlobalSection
	GlobalSection(ProjectConfigurationPlatforms) = postSolution
		{00330DB7-D9E1-409A-A5FC-FC364354580A}.Debug|Any CPU.ActiveCfg = Debug|Any CPU
		{00330DB7-D9E1-409A-A5FC-FC364354580A}.Debug|Any CPU.Build.0 = Debug|Any CPU
		{00330DB7-D9E1-409A-A5FC-FC364354580A}.Release|Any CPU.ActiveCfg = Release|Any CPU
		{00330DB7-D9E1-409A-A5FC-FC364354580A}.Release|Any CPU.Build.0 = Release|Any CPU
	EndGlobalSection
	GlobalSection(SolutionProperties) = preSolution
		HideSolutionNode = FALSE
	EndGlobalSection
	GlobalSection(ExtensibilityGlobals) = postSolution
		SolutionGuid = {CE2179BC-1639-4150-BF0F-7F5878B1AA70}
	EndGlobalSection
EndGlobal
