
Microsoft Visual Studio Solution File, Format Version 12.00
# Visual Studio 15
VisualStudioVersion = 15.0.28307.102
MinimumVisualStudioVersion = 10.0.40219.1
Project("{FAE04EC0-301F-11D3-BF4B-00C04F79EFBC}") = "37.1_Sintaxe_opcional_switch_case", "37.1_Sintaxe_opcional_switch_case\37.1_Sintaxe_opcional_switch_case.csproj", "{85848653-2105-448E-929D-7F472CD016D6}"
EndProject
Global
	GlobalSection(SolutionConfigurationPlatforms) = preSolution
		Debug|Any CPU = Debug|Any CPU
		Release|Any CPU = Release|Any CPU
	EndGlobalSection
	GlobalSection(ProjectConfigurationPlatforms) = postSolution
		{85848653-2105-448E-929D-7F472CD016D6}.Debug|Any CPU.ActiveCfg = Debug|Any CPU
		{85848653-2105-448E-929D-7F472CD016D6}.Debug|Any CPU.Build.0 = Debug|Any CPU
		{85848653-2105-448E-929D-7F472CD016D6}.Release|Any CPU.ActiveCfg = Release|Any CPU
		{85848653-2105-448E-929D-7F472CD016D6}.Release|Any CPU.Build.0 = Release|Any CPU
	EndGlobalSection
	GlobalSection(SolutionProperties) = preSolution
		HideSolutionNode = FALSE
	EndGlobalSection
	GlobalSection(ExtensibilityGlobals) = postSolution
		SolutionGuid = {176AECC9-7280-40E1-8883-9E9CBD2E5DAE}
	EndGlobalSection
EndGlobal
