
Microsoft Visual Studio Solution File, Format Version 12.00
# Visual Studio 15
VisualStudioVersion = 15.0.28307.102
MinimumVisualStudioVersion = 10.0.40219.1
Project("{FAE04EC0-301F-11D3-BF4B-00C04F79EFBC}") = "69.6._URI-1186", "69.6._URI-1186\69.6._URI-1186.csproj", "{A38A82C1-7CC3-47B6-A949-403C3FE48B7F}"
EndProject
Global
	GlobalSection(SolutionConfigurationPlatforms) = preSolution
		Debug|Any CPU = Debug|Any CPU
		Release|Any CPU = Release|Any CPU
	EndGlobalSection
	GlobalSection(ProjectConfigurationPlatforms) = postSolution
		{A38A82C1-7CC3-47B6-A949-403C3FE48B7F}.Debug|Any CPU.ActiveCfg = Debug|Any CPU
		{A38A82C1-7CC3-47B6-A949-403C3FE48B7F}.Debug|Any CPU.Build.0 = Debug|Any CPU
		{A38A82C1-7CC3-47B6-A949-403C3FE48B7F}.Release|Any CPU.ActiveCfg = Release|Any CPU
		{A38A82C1-7CC3-47B6-A949-403C3FE48B7F}.Release|Any CPU.Build.0 = Release|Any CPU
	EndGlobalSection
	GlobalSection(SolutionProperties) = preSolution
		HideSolutionNode = FALSE
	EndGlobalSection
	GlobalSection(ExtensibilityGlobals) = postSolution
		SolutionGuid = {50E39FB2-8C7A-47A9-AA35-EA67389A87A8}
	EndGlobalSection
EndGlobal
