
Microsoft Visual Studio Solution File, Format Version 12.00
# Visual Studio 15
VisualStudioVersion = 15.0.28307.102
MinimumVisualStudioVersion = 10.0.40219.1
Project("{FAE04EC0-301F-11D3-BF4B-00C04F79EFBC}") = "33.1_Exercicio_resolvido_01", "33.1_Exercicio_resolvido_01\33.1_Exercicio_resolvido_01.csproj", "{AA4F41C4-0268-4234-B671-9C248F98A102}"
EndProject
Global
	GlobalSection(SolutionConfigurationPlatforms) = preSolution
		Debug|Any CPU = Debug|Any CPU
		Release|Any CPU = Release|Any CPU
	EndGlobalSection
	GlobalSection(ProjectConfigurationPlatforms) = postSolution
		{AA4F41C4-0268-4234-B671-9C248F98A102}.Debug|Any CPU.ActiveCfg = Debug|Any CPU
		{AA4F41C4-0268-4234-B671-9C248F98A102}.Debug|Any CPU.Build.0 = Debug|Any CPU
		{AA4F41C4-0268-4234-B671-9C248F98A102}.Release|Any CPU.ActiveCfg = Release|Any CPU
		{AA4F41C4-0268-4234-B671-9C248F98A102}.Release|Any CPU.Build.0 = Release|Any CPU
	EndGlobalSection
	GlobalSection(SolutionProperties) = preSolution
		HideSolutionNode = FALSE
	EndGlobalSection
	GlobalSection(ExtensibilityGlobals) = postSolution
		SolutionGuid = {FBA989C4-30FC-412A-88C3-93BB839285D8}
	EndGlobalSection
EndGlobal
