
Microsoft Visual Studio Solution File, Format Version 12.00
# Visual Studio 15
VisualStudioVersion = 15.0.28307.102
MinimumVisualStudioVersion = 10.0.40219.1
Project("{FAE04EC0-301F-11D3-BF4B-00C04F79EFBC}") = "15_Saida_de_Dados", "15_Saida_de_Dados\15_Saida_de_Dados.csproj", "{BA2D1CEA-63B9-42E5-90F6-70E14A3917D8}"
EndProject
Global
	GlobalSection(SolutionConfigurationPlatforms) = preSolution
		Debug|Any CPU = Debug|Any CPU
		Release|Any CPU = Release|Any CPU
	EndGlobalSection
	GlobalSection(ProjectConfigurationPlatforms) = postSolution
		{BA2D1CEA-63B9-42E5-90F6-70E14A3917D8}.Debug|Any CPU.ActiveCfg = Debug|Any CPU
		{BA2D1CEA-63B9-42E5-90F6-70E14A3917D8}.Debug|Any CPU.Build.0 = Debug|Any CPU
		{BA2D1CEA-63B9-42E5-90F6-70E14A3917D8}.Release|Any CPU.ActiveCfg = Release|Any CPU
		{BA2D1CEA-63B9-42E5-90F6-70E14A3917D8}.Release|Any CPU.Build.0 = Release|Any CPU
	EndGlobalSection
	GlobalSection(SolutionProperties) = preSolution
		HideSolutionNode = FALSE
	EndGlobalSection
	GlobalSection(ExtensibilityGlobals) = postSolution
		SolutionGuid = {E886828D-6ADF-42E0-BC1E-7B5B5F8D217A}
	EndGlobalSection
EndGlobal
