
Microsoft Visual Studio Solution File, Format Version 12.00
# Visual Studio 15
VisualStudioVersion = 15.0.28307.102
MinimumVisualStudioVersion = 10.0.40219.1
Project("{FAE04EC0-301F-11D3-BF4B-00C04F79EFBC}") = "62.5._URI-1176", "62.5._URI-1176\62.5._URI-1176.csproj", "{0342C2E8-ED1D-4898-B1F4-2BCD93A207E7}"
EndProject
Global
	GlobalSection(SolutionConfigurationPlatforms) = preSolution
		Debug|Any CPU = Debug|Any CPU
		Release|Any CPU = Release|Any CPU
	EndGlobalSection
	GlobalSection(ProjectConfigurationPlatforms) = postSolution
		{0342C2E8-ED1D-4898-B1F4-2BCD93A207E7}.Debug|Any CPU.ActiveCfg = Debug|Any CPU
		{0342C2E8-ED1D-4898-B1F4-2BCD93A207E7}.Debug|Any CPU.Build.0 = Debug|Any CPU
		{0342C2E8-ED1D-4898-B1F4-2BCD93A207E7}.Release|Any CPU.ActiveCfg = Release|Any CPU
		{0342C2E8-ED1D-4898-B1F4-2BCD93A207E7}.Release|Any CPU.Build.0 = Release|Any CPU
	EndGlobalSection
	GlobalSection(SolutionProperties) = preSolution
		HideSolutionNode = FALSE
	EndGlobalSection
	GlobalSection(ExtensibilityGlobals) = postSolution
		SolutionGuid = {271FE6FF-9A13-4DEE-B328-C6B499BD96FB}
	EndGlobalSection
EndGlobal
