
Microsoft Visual Studio Solution File, Format Version 12.00
# Visual Studio 15
VisualStudioVersion = 15.0.28307.102
MinimumVisualStudioVersion = 10.0.40219.1
Project("{FAE04EC0-301F-11D3-BF4B-00C04F79EFBC}") = "52.15_URI-1116", "52.15_URI-1116\52.15_URI-1116.csproj", "{AF412E8B-15FB-449C-9119-B97F7F71B50F}"
EndProject
Global
	GlobalSection(SolutionConfigurationPlatforms) = preSolution
		Debug|Any CPU = Debug|Any CPU
		Release|Any CPU = Release|Any CPU
	EndGlobalSection
	GlobalSection(ProjectConfigurationPlatforms) = postSolution
		{AF412E8B-15FB-449C-9119-B97F7F71B50F}.Debug|Any CPU.ActiveCfg = Debug|Any CPU
		{AF412E8B-15FB-449C-9119-B97F7F71B50F}.Debug|Any CPU.Build.0 = Debug|Any CPU
		{AF412E8B-15FB-449C-9119-B97F7F71B50F}.Release|Any CPU.ActiveCfg = Release|Any CPU
		{AF412E8B-15FB-449C-9119-B97F7F71B50F}.Release|Any CPU.Build.0 = Release|Any CPU
	EndGlobalSection
	GlobalSection(SolutionProperties) = preSolution
		HideSolutionNode = FALSE
	EndGlobalSection
	GlobalSection(ExtensibilityGlobals) = postSolution
		SolutionGuid = {3A71682E-F064-4A48-A3E3-44CA90F8BE0C}
	EndGlobalSection
EndGlobal
