
Microsoft Visual Studio Solution File, Format Version 12.00
# Visual Studio 15
VisualStudioVersion = 15.0.28307.102
MinimumVisualStudioVersion = 10.0.40219.1
Project("{FAE04EC0-301F-11D3-BF4B-00C04F79EFBC}") = "61.5_Exercicio_Vetores_05", "61.5_Exercicio_Vetores_05\61.5_Exercicio_Vetores_05.csproj", "{60F3BA98-7EEE-4A64-892E-659432C5898B}"
EndProject
Global
	GlobalSection(SolutionConfigurationPlatforms) = preSolution
		Debug|Any CPU = Debug|Any CPU
		Release|Any CPU = Release|Any CPU
	EndGlobalSection
	GlobalSection(ProjectConfigurationPlatforms) = postSolution
		{60F3BA98-7EEE-4A64-892E-659432C5898B}.Debug|Any CPU.ActiveCfg = Debug|Any CPU
		{60F3BA98-7EEE-4A64-892E-659432C5898B}.Debug|Any CPU.Build.0 = Debug|Any CPU
		{60F3BA98-7EEE-4A64-892E-659432C5898B}.Release|Any CPU.ActiveCfg = Release|Any CPU
		{60F3BA98-7EEE-4A64-892E-659432C5898B}.Release|Any CPU.Build.0 = Release|Any CPU
	EndGlobalSection
	GlobalSection(SolutionProperties) = preSolution
		HideSolutionNode = FALSE
	EndGlobalSection
	GlobalSection(ExtensibilityGlobals) = postSolution
		SolutionGuid = {453D6949-69F2-46D7-A516-763F6824D795}
	EndGlobalSection
EndGlobal
