
Microsoft Visual Studio Solution File, Format Version 12.00
# Visual Studio 15
VisualStudioVersion = 15.0.28307.102
MinimumVisualStudioVersion = 10.0.40219.1
Project("{FAE04EC0-301F-11D3-BF4B-00C04F79EFBC}") = "61.8_Exercicio_Vetores_08", "61.8_Exercicio_Vetores_08\61.8_Exercicio_Vetores_08.csproj", "{BE1C5E2B-DDE5-4654-BF2E-947243E67D29}"
EndProject
Global
	GlobalSection(SolutionConfigurationPlatforms) = preSolution
		Debug|Any CPU = Debug|Any CPU
		Release|Any CPU = Release|Any CPU
	EndGlobalSection
	GlobalSection(ProjectConfigurationPlatforms) = postSolution
		{BE1C5E2B-DDE5-4654-BF2E-947243E67D29}.Debug|Any CPU.ActiveCfg = Debug|Any CPU
		{BE1C5E2B-DDE5-4654-BF2E-947243E67D29}.Debug|Any CPU.Build.0 = Debug|Any CPU
		{BE1C5E2B-DDE5-4654-BF2E-947243E67D29}.Release|Any CPU.ActiveCfg = Release|Any CPU
		{BE1C5E2B-DDE5-4654-BF2E-947243E67D29}.Release|Any CPU.Build.0 = Release|Any CPU
	EndGlobalSection
	GlobalSection(SolutionProperties) = preSolution
		HideSolutionNode = FALSE
	EndGlobalSection
	GlobalSection(ExtensibilityGlobals) = postSolution
		SolutionGuid = {27AF471A-EF88-49F2-A566-75F812BBD855}
	EndGlobalSection
EndGlobal
