
Microsoft Visual Studio Solution File, Format Version 12.00
# Visual Studio 15
VisualStudioVersion = 15.0.28307.102
MinimumVisualStudioVersion = 10.0.40219.1
Project("{FAE04EC0-301F-11D3-BF4B-00C04F79EFBC}") = "16_Processamento_de_Dados_Exemplo_03", "16_Processamento_de_Dados_Exemplo_03\16_Processamento_de_Dados_Exemplo_03.csproj", "{907182E2-79E8-4793-A876-6B3CB7CCAF61}"
EndProject
Global
	GlobalSection(SolutionConfigurationPlatforms) = preSolution
		Debug|Any CPU = Debug|Any CPU
		Release|Any CPU = Release|Any CPU
	EndGlobalSection
	GlobalSection(ProjectConfigurationPlatforms) = postSolution
		{907182E2-79E8-4793-A876-6B3CB7CCAF61}.Debug|Any CPU.ActiveCfg = Debug|Any CPU
		{907182E2-79E8-4793-A876-6B3CB7CCAF61}.Debug|Any CPU.Build.0 = Debug|Any CPU
		{907182E2-79E8-4793-A876-6B3CB7CCAF61}.Release|Any CPU.ActiveCfg = Release|Any CPU
		{907182E2-79E8-4793-A876-6B3CB7CCAF61}.Release|Any CPU.Build.0 = Release|Any CPU
	EndGlobalSection
	GlobalSection(SolutionProperties) = preSolution
		HideSolutionNode = FALSE
	EndGlobalSection
	GlobalSection(ExtensibilityGlobals) = postSolution
		SolutionGuid = {B83AFC79-0049-4990-B42C-16AAAC5A09CB}
	EndGlobalSection
EndGlobal
