
Microsoft Visual Studio Solution File, Format Version 12.00
# Visual Studio 15
VisualStudioVersion = 15.0.28307.102
MinimumVisualStudioVersion = 10.0.40219.1
Project("{FAE04EC0-301F-11D3-BF4B-00C04F79EFBC}") = "45.2_URI-1115", "45.2_URI-1115\45.2_URI-1115.csproj", "{31DA2129-B4B4-4A6E-B597-7CF9BB856AAD}"
EndProject
Global
	GlobalSection(SolutionConfigurationPlatforms) = preSolution
		Debug|Any CPU = Debug|Any CPU
		Release|Any CPU = Release|Any CPU
	EndGlobalSection
	GlobalSection(ProjectConfigurationPlatforms) = postSolution
		{31DA2129-B4B4-4A6E-B597-7CF9BB856AAD}.Debug|Any CPU.ActiveCfg = Debug|Any CPU
		{31DA2129-B4B4-4A6E-B597-7CF9BB856AAD}.Debug|Any CPU.Build.0 = Debug|Any CPU
		{31DA2129-B4B4-4A6E-B597-7CF9BB856AAD}.Release|Any CPU.ActiveCfg = Release|Any CPU
		{31DA2129-B4B4-4A6E-B597-7CF9BB856AAD}.Release|Any CPU.Build.0 = Release|Any CPU
	EndGlobalSection
	GlobalSection(SolutionProperties) = preSolution
		HideSolutionNode = FALSE
	EndGlobalSection
	GlobalSection(ExtensibilityGlobals) = postSolution
		SolutionGuid = {D043861A-8976-4699-9BB3-0598B70D2176}
	EndGlobalSection
EndGlobal
