
Microsoft Visual Studio Solution File, Format Version 12.00
# Visual Studio 15
VisualStudioVersion = 15.0.28307.102
MinimumVisualStudioVersion = 10.0.40219.1
Project("{FAE04EC0-301F-11D3-BF4B-00C04F79EFBC}") = "URI-1848", "URI-1848\URI-1848.csproj", "{64F839D7-16FE-496B-B175-74F5B66762F8}"
EndProject
Global
	GlobalSection(SolutionConfigurationPlatforms) = preSolution
		Debug|Any CPU = Debug|Any CPU
		Release|Any CPU = Release|Any CPU
	EndGlobalSection
	GlobalSection(ProjectConfigurationPlatforms) = postSolution
		{64F839D7-16FE-496B-B175-74F5B66762F8}.Debug|Any CPU.ActiveCfg = Debug|Any CPU
		{64F839D7-16FE-496B-B175-74F5B66762F8}.Debug|Any CPU.Build.0 = Debug|Any CPU
		{64F839D7-16FE-496B-B175-74F5B66762F8}.Release|Any CPU.ActiveCfg = Release|Any CPU
		{64F839D7-16FE-496B-B175-74F5B66762F8}.Release|Any CPU.Build.0 = Release|Any CPU
	EndGlobalSection
	GlobalSection(SolutionProperties) = preSolution
		HideSolutionNode = FALSE
	EndGlobalSection
	GlobalSection(ExtensibilityGlobals) = postSolution
		SolutionGuid = {DE65104C-BA65-4636-A236-D5CA499D04D6}
	EndGlobalSection
EndGlobal
