
Microsoft Visual Studio Solution File, Format Version 12.00
# Visual Studio 15
VisualStudioVersion = 15.0.28307.102
MinimumVisualStudioVersion = 10.0.40219.1
Project("{FAE04EC0-301F-11D3-BF4B-00C04F79EFBC}") = "URI-1864", "URI-1864\URI-1864.csproj", "{F5E2F8FD-8A21-4701-A7A9-B9A96B2D85F1}"
EndProject
Global
	GlobalSection(SolutionConfigurationPlatforms) = preSolution
		Debug|Any CPU = Debug|Any CPU
		Release|Any CPU = Release|Any CPU
	EndGlobalSection
	GlobalSection(ProjectConfigurationPlatforms) = postSolution
		{F5E2F8FD-8A21-4701-A7A9-B9A96B2D85F1}.Debug|Any CPU.ActiveCfg = Debug|Any CPU
		{F5E2F8FD-8A21-4701-A7A9-B9A96B2D85F1}.Debug|Any CPU.Build.0 = Debug|Any CPU
		{F5E2F8FD-8A21-4701-A7A9-B9A96B2D85F1}.Release|Any CPU.ActiveCfg = Release|Any CPU
		{F5E2F8FD-8A21-4701-A7A9-B9A96B2D85F1}.Release|Any CPU.Build.0 = Release|Any CPU
	EndGlobalSection
	GlobalSection(SolutionProperties) = preSolution
		HideSolutionNode = FALSE
	EndGlobalSection
	GlobalSection(ExtensibilityGlobals) = postSolution
		SolutionGuid = {846EB4E7-B7FD-4FFF-B348-E2E4DCA26E90}
	EndGlobalSection
EndGlobal
