
Microsoft Visual Studio Solution File, Format Version 12.00
# Visual Studio 15
VisualStudioVersion = 15.0.28307.102
MinimumVisualStudioVersion = 10.0.40219.1
Project("{FAE04EC0-301F-11D3-BF4B-00C04F79EFBC}") = "16_Processamento_de_Dados_Exemplo_04", "16_Processamento_de_Dados_Exemplo_04\16_Processamento_de_Dados_Exemplo_04.csproj", "{DEF02948-7D4C-46CF-870E-A3053575C9E7}"
EndProject
Global
	GlobalSection(SolutionConfigurationPlatforms) = preSolution
		Debug|Any CPU = Debug|Any CPU
		Release|Any CPU = Release|Any CPU
	EndGlobalSection
	GlobalSection(ProjectConfigurationPlatforms) = postSolution
		{DEF02948-7D4C-46CF-870E-A3053575C9E7}.Debug|Any CPU.ActiveCfg = Debug|Any CPU
		{DEF02948-7D4C-46CF-870E-A3053575C9E7}.Debug|Any CPU.Build.0 = Debug|Any CPU
		{DEF02948-7D4C-46CF-870E-A3053575C9E7}.Release|Any CPU.ActiveCfg = Release|Any CPU
		{DEF02948-7D4C-46CF-870E-A3053575C9E7}.Release|Any CPU.Build.0 = Release|Any CPU
	EndGlobalSection
	GlobalSection(SolutionProperties) = preSolution
		HideSolutionNode = FALSE
	EndGlobalSection
	GlobalSection(ExtensibilityGlobals) = postSolution
		SolutionGuid = {116CE7CE-0634-48AA-9FCC-EAD9E4F4DC21}
	EndGlobalSection
EndGlobal
