
Microsoft Visual Studio Solution File, Format Version 12.00
# Visual Studio 15
VisualStudioVersion = 15.0.28307.102
MinimumVisualStudioVersion = 10.0.40219.1
Project("{FAE04EC0-301F-11D3-BF4B-00C04F79EFBC}") = "52.5_URI-1075", "52.5_URI-1075\52.5_URI-1075.csproj", "{27239081-FB7C-4D94-B679-58DB3A98F335}"
EndProject
Global
	GlobalSection(SolutionConfigurationPlatforms) = preSolution
		Debug|Any CPU = Debug|Any CPU
		Release|Any CPU = Release|Any CPU
	EndGlobalSection
	GlobalSection(ProjectConfigurationPlatforms) = postSolution
		{27239081-FB7C-4D94-B679-58DB3A98F335}.Debug|Any CPU.ActiveCfg = Debug|Any CPU
		{27239081-FB7C-4D94-B679-58DB3A98F335}.Debug|Any CPU.Build.0 = Debug|Any CPU
		{27239081-FB7C-4D94-B679-58DB3A98F335}.Release|Any CPU.ActiveCfg = Release|Any CPU
		{27239081-FB7C-4D94-B679-58DB3A98F335}.Release|Any CPU.Build.0 = Release|Any CPU
	EndGlobalSection
	GlobalSection(SolutionProperties) = preSolution
		HideSolutionNode = FALSE
	EndGlobalSection
	GlobalSection(ExtensibilityGlobals) = postSolution
		SolutionGuid = {7AAE6C5A-61DB-49B5-AEF3-109D9ADBF4A7}
	EndGlobalSection
EndGlobal
