
Microsoft Visual Studio Solution File, Format Version 12.00
# Visual Studio 15
VisualStudioVersion = 15.0.28307.102
MinimumVisualStudioVersion = 10.0.40219.1
Project("{FAE04EC0-301F-11D3-BF4B-00C04F79EFBC}") = "69.12._URI-1478", "69.12._URI-1478\69.12._URI-1478.csproj", "{4176B151-944E-48CD-8A4A-FD4D40072E36}"
EndProject
Global
	GlobalSection(SolutionConfigurationPlatforms) = preSolution
		Debug|Any CPU = Debug|Any CPU
		Release|Any CPU = Release|Any CPU
	EndGlobalSection
	GlobalSection(ProjectConfigurationPlatforms) = postSolution
		{4176B151-944E-48CD-8A4A-FD4D40072E36}.Debug|Any CPU.ActiveCfg = Debug|Any CPU
		{4176B151-944E-48CD-8A4A-FD4D40072E36}.Debug|Any CPU.Build.0 = Debug|Any CPU
		{4176B151-944E-48CD-8A4A-FD4D40072E36}.Release|Any CPU.ActiveCfg = Release|Any CPU
		{4176B151-944E-48CD-8A4A-FD4D40072E36}.Release|Any CPU.Build.0 = Release|Any CPU
	EndGlobalSection
	GlobalSection(SolutionProperties) = preSolution
		HideSolutionNode = FALSE
	EndGlobalSection
	GlobalSection(ExtensibilityGlobals) = postSolution
		SolutionGuid = {2A5E3812-BA38-4826-8520-D0AB38ED1D2A}
	EndGlobalSection
EndGlobal
