
Microsoft Visual Studio Solution File, Format Version 12.00
# Visual Studio 15
VisualStudioVersion = 15.0.28307.102
MinimumVisualStudioVersion = 10.0.40219.1
Project("{FAE04EC0-301F-11D3-BF4B-00C04F79EFBC}") = "69.14._URI-1557", "69.14._URI-1557\69.14._URI-1557.csproj", "{DF66D410-118A-49FC-AD14-2003EDB1A804}"
EndProject
Global
	GlobalSection(SolutionConfigurationPlatforms) = preSolution
		Debug|Any CPU = Debug|Any CPU
		Release|Any CPU = Release|Any CPU
	EndGlobalSection
	GlobalSection(ProjectConfigurationPlatforms) = postSolution
		{DF66D410-118A-49FC-AD14-2003EDB1A804}.Debug|Any CPU.ActiveCfg = Debug|Any CPU
		{DF66D410-118A-49FC-AD14-2003EDB1A804}.Debug|Any CPU.Build.0 = Debug|Any CPU
		{DF66D410-118A-49FC-AD14-2003EDB1A804}.Release|Any CPU.ActiveCfg = Release|Any CPU
		{DF66D410-118A-49FC-AD14-2003EDB1A804}.Release|Any CPU.Build.0 = Release|Any CPU
	EndGlobalSection
	GlobalSection(SolutionProperties) = preSolution
		HideSolutionNode = FALSE
	EndGlobalSection
	GlobalSection(ExtensibilityGlobals) = postSolution
		SolutionGuid = {6D1B1FE1-EF4D-4BEB-A35A-48653924BC21}
	EndGlobalSection
EndGlobal
