
Microsoft Visual Studio Solution File, Format Version 12.00
# Visual Studio 15
VisualStudioVersion = 15.0.28307.102
MinimumVisualStudioVersion = 10.0.40219.1
Project("{FAE04EC0-301F-11D3-BF4B-00C04F79EFBC}") = "62.9._URI-1180", "62.9._URI-1180\62.9._URI-1180.csproj", "{6A460838-BD57-4515-8D12-1ECAAF293C4B}"
EndProject
Global
	GlobalSection(SolutionConfigurationPlatforms) = preSolution
		Debug|Any CPU = Debug|Any CPU
		Release|Any CPU = Release|Any CPU
	EndGlobalSection
	GlobalSection(ProjectConfigurationPlatforms) = postSolution
		{6A460838-BD57-4515-8D12-1ECAAF293C4B}.Debug|Any CPU.ActiveCfg = Debug|Any CPU
		{6A460838-BD57-4515-8D12-1ECAAF293C4B}.Debug|Any CPU.Build.0 = Debug|Any CPU
		{6A460838-BD57-4515-8D12-1ECAAF293C4B}.Release|Any CPU.ActiveCfg = Release|Any CPU
		{6A460838-BD57-4515-8D12-1ECAAF293C4B}.Release|Any CPU.Build.0 = Release|Any CPU
	EndGlobalSection
	GlobalSection(SolutionProperties) = preSolution
		HideSolutionNode = FALSE
	EndGlobalSection
	GlobalSection(ExtensibilityGlobals) = postSolution
		SolutionGuid = {D4920E0A-C4CB-4AD3-88AE-05C08C434DC5}
	EndGlobalSection
EndGlobal
