
Microsoft Visual Studio Solution File, Format Version 12.00
# Visual Studio 15
VisualStudioVersion = 15.0.28307.102
MinimumVisualStudioVersion = 10.0.40219.1
Project("{FAE04EC0-301F-11D3-BF4B-00C04F79EFBC}") = "45.4_URI-1118", "45.4_URI-1118\45.4_URI-1118.csproj", "{0666C9C5-9A67-4C11-ADD4-C4FBE0872A56}"
EndProject
Global
	GlobalSection(SolutionConfigurationPlatforms) = preSolution
		Debug|Any CPU = Debug|Any CPU
		Release|Any CPU = Release|Any CPU
	EndGlobalSection
	GlobalSection(ProjectConfigurationPlatforms) = postSolution
		{0666C9C5-9A67-4C11-ADD4-C4FBE0872A56}.Debug|Any CPU.ActiveCfg = Debug|Any CPU
		{0666C9C5-9A67-4C11-ADD4-C4FBE0872A56}.Debug|Any CPU.Build.0 = Debug|Any CPU
		{0666C9C5-9A67-4C11-ADD4-C4FBE0872A56}.Release|Any CPU.ActiveCfg = Release|Any CPU
		{0666C9C5-9A67-4C11-ADD4-C4FBE0872A56}.Release|Any CPU.Build.0 = Release|Any CPU
	EndGlobalSection
	GlobalSection(SolutionProperties) = preSolution
		HideSolutionNode = FALSE
	EndGlobalSection
	GlobalSection(ExtensibilityGlobals) = postSolution
		SolutionGuid = {AF94C9C9-5019-4FD6-8A44-39E94CCF523E}
	EndGlobalSection
EndGlobal
