
Microsoft Visual Studio Solution File, Format Version 12.00
# Visual Studio 15
VisualStudioVersion = 15.0.28307.102
MinimumVisualStudioVersion = 10.0.40219.1
Project("{FAE04EC0-301F-11D3-BF4B-00C04F79EFBC}") = "62.3._URI-1174", "62.3._URI-1174\62.3._URI-1174.csproj", "{6440DF79-D8A4-42E1-90F8-CC5CB5910E4F}"
EndProject
Global
	GlobalSection(SolutionConfigurationPlatforms) = preSolution
		Debug|Any CPU = Debug|Any CPU
		Release|Any CPU = Release|Any CPU
	EndGlobalSection
	GlobalSection(ProjectConfigurationPlatforms) = postSolution
		{6440DF79-D8A4-42E1-90F8-CC5CB5910E4F}.Debug|Any CPU.ActiveCfg = Debug|Any CPU
		{6440DF79-D8A4-42E1-90F8-CC5CB5910E4F}.Debug|Any CPU.Build.0 = Debug|Any CPU
		{6440DF79-D8A4-42E1-90F8-CC5CB5910E4F}.Release|Any CPU.ActiveCfg = Release|Any CPU
		{6440DF79-D8A4-42E1-90F8-CC5CB5910E4F}.Release|Any CPU.Build.0 = Release|Any CPU
	EndGlobalSection
	GlobalSection(SolutionProperties) = preSolution
		HideSolutionNode = FALSE
	EndGlobalSection
	GlobalSection(ExtensibilityGlobals) = postSolution
		SolutionGuid = {4D558B04-CE33-437C-84F8-0253B49CC350}
	EndGlobalSection
EndGlobal
