
Microsoft Visual Studio Solution File, Format Version 12.00
# Visual Studio 15
VisualStudioVersion = 15.0.28307.102
MinimumVisualStudioVersion = 10.0.40219.1
Project("{FAE04EC0-301F-11D3-BF4B-00C04F79EFBC}") = "26.1_Exercicio_URI_1018", "26.1_Exercicio_URI_1018\26.1_Exercicio_URI_1018.csproj", "{71104D12-003B-4359-B955-05A6105B4758}"
EndProject
Global
	GlobalSection(SolutionConfigurationPlatforms) = preSolution
		Debug|Any CPU = Debug|Any CPU
		Release|Any CPU = Release|Any CPU
	EndGlobalSection
	GlobalSection(ProjectConfigurationPlatforms) = postSolution
		{71104D12-003B-4359-B955-05A6105B4758}.Debug|Any CPU.ActiveCfg = Debug|Any CPU
		{71104D12-003B-4359-B955-05A6105B4758}.Debug|Any CPU.Build.0 = Debug|Any CPU
		{71104D12-003B-4359-B955-05A6105B4758}.Release|Any CPU.ActiveCfg = Release|Any CPU
		{71104D12-003B-4359-B955-05A6105B4758}.Release|Any CPU.Build.0 = Release|Any CPU
	EndGlobalSection
	GlobalSection(SolutionProperties) = preSolution
		HideSolutionNode = FALSE
	EndGlobalSection
	GlobalSection(ExtensibilityGlobals) = postSolution
		SolutionGuid = {0CEFF9EC-60E4-43DD-AD2C-2BEBAD3D76B2}
	EndGlobalSection
EndGlobal
