
Microsoft Visual Studio Solution File, Format Version 12.00
# Visual Studio 15
VisualStudioVersion = 15.0.28307.102
MinimumVisualStudioVersion = 10.0.40219.1
Project("{FAE04EC0-301F-11D3-BF4B-00C04F79EFBC}") = "38.2_Exercicio_URI_1037", "38.2_Exercicio_URI_1037\38.2_Exercicio_URI_1037.csproj", "{E1914A9E-A396-4782-8482-96E16AC7E14C}"
EndProject
Global
	GlobalSection(SolutionConfigurationPlatforms) = preSolution
		Debug|Any CPU = Debug|Any CPU
		Release|Any CPU = Release|Any CPU
	EndGlobalSection
	GlobalSection(ProjectConfigurationPlatforms) = postSolution
		{E1914A9E-A396-4782-8482-96E16AC7E14C}.Debug|Any CPU.ActiveCfg = Debug|Any CPU
		{E1914A9E-A396-4782-8482-96E16AC7E14C}.Debug|Any CPU.Build.0 = Debug|Any CPU
		{E1914A9E-A396-4782-8482-96E16AC7E14C}.Release|Any CPU.ActiveCfg = Release|Any CPU
		{E1914A9E-A396-4782-8482-96E16AC7E14C}.Release|Any CPU.Build.0 = Release|Any CPU
	EndGlobalSection
	GlobalSection(SolutionProperties) = preSolution
		HideSolutionNode = FALSE
	EndGlobalSection
	GlobalSection(ExtensibilityGlobals) = postSolution
		SolutionGuid = {3313FE9D-6029-475C-B4A2-ACF6CEE2D6A7}
	EndGlobalSection
EndGlobal
