
Microsoft Visual Studio Solution File, Format Version 12.00
# Visual Studio 15
VisualStudioVersion = 15.0.28307.102
MinimumVisualStudioVersion = 10.0.40219.1
Project("{FAE04EC0-301F-11D3-BF4B-00C04F79EFBC}") = "60.1_Sintaxe_Opcional_FOREACH", "60.1_Sintaxe_Opcional_FOREACH\60.1_Sintaxe_Opcional_FOREACH.csproj", "{388147F5-EE76-4CD6-B7EA-CFDC1AF0F97A}"
EndProject
Global
	GlobalSection(SolutionConfigurationPlatforms) = preSolution
		Debug|Any CPU = Debug|Any CPU
		Release|Any CPU = Release|Any CPU
	EndGlobalSection
	GlobalSection(ProjectConfigurationPlatforms) = postSolution
		{388147F5-EE76-4CD6-B7EA-CFDC1AF0F97A}.Debug|Any CPU.ActiveCfg = Debug|Any CPU
		{388147F5-EE76-4CD6-B7EA-CFDC1AF0F97A}.Debug|Any CPU.Build.0 = Debug|Any CPU
		{388147F5-EE76-4CD6-B7EA-CFDC1AF0F97A}.Release|Any CPU.ActiveCfg = Release|Any CPU
		{388147F5-EE76-4CD6-B7EA-CFDC1AF0F97A}.Release|Any CPU.Build.0 = Release|Any CPU
	EndGlobalSection
	GlobalSection(SolutionProperties) = preSolution
		HideSolutionNode = FALSE
	EndGlobalSection
	GlobalSection(ExtensibilityGlobals) = postSolution
		SolutionGuid = {2BD72C60-B089-430B-A6ED-F6BB84DC50EA}
	EndGlobalSection
EndGlobal
