
Microsoft Visual Studio Solution File, Format Version 12.00
# Visual Studio 15
VisualStudioVersion = 15.0.28307.102
MinimumVisualStudioVersion = 10.0.40219.1
Project("{FAE04EC0-301F-11D3-BF4B-00C04F79EFBC}") = "62.8._URI-1179", "62.8._URI-1179\62.8._URI-1179.csproj", "{080E5219-48DF-47B9-99C0-C6263E79D295}"
EndProject
Global
	GlobalSection(SolutionConfigurationPlatforms) = preSolution
		Debug|Any CPU = Debug|Any CPU
		Release|Any CPU = Release|Any CPU
	EndGlobalSection
	GlobalSection(ProjectConfigurationPlatforms) = postSolution
		{080E5219-48DF-47B9-99C0-C6263E79D295}.Debug|Any CPU.ActiveCfg = Debug|Any CPU
		{080E5219-48DF-47B9-99C0-C6263E79D295}.Debug|Any CPU.Build.0 = Debug|Any CPU
		{080E5219-48DF-47B9-99C0-C6263E79D295}.Release|Any CPU.ActiveCfg = Release|Any CPU
		{080E5219-48DF-47B9-99C0-C6263E79D295}.Release|Any CPU.Build.0 = Release|Any CPU
	EndGlobalSection
	GlobalSection(SolutionProperties) = preSolution
		HideSolutionNode = FALSE
	EndGlobalSection
	GlobalSection(ExtensibilityGlobals) = postSolution
		SolutionGuid = {56BE974E-9C58-45C2-BDB1-F3BA82B11B43}
	EndGlobalSection
EndGlobal
