
Microsoft Visual Studio Solution File, Format Version 12.00
# Visual Studio 15
VisualStudioVersion = 15.0.28307.102
MinimumVisualStudioVersion = 10.0.40219.1
Project("{FAE04EC0-301F-11D3-BF4B-00C04F79EFBC}") = "52.16_URI-1132", "52.16_URI-1132\52.16_URI-1132.csproj", "{ECFBAE0F-EBDD-461E-9D0E-BEE89F810004}"
EndProject
Global
	GlobalSection(SolutionConfigurationPlatforms) = preSolution
		Debug|Any CPU = Debug|Any CPU
		Release|Any CPU = Release|Any CPU
	EndGlobalSection
	GlobalSection(ProjectConfigurationPlatforms) = postSolution
		{ECFBAE0F-EBDD-461E-9D0E-BEE89F810004}.Debug|Any CPU.ActiveCfg = Debug|Any CPU
		{ECFBAE0F-EBDD-461E-9D0E-BEE89F810004}.Debug|Any CPU.Build.0 = Debug|Any CPU
		{ECFBAE0F-EBDD-461E-9D0E-BEE89F810004}.Release|Any CPU.ActiveCfg = Release|Any CPU
		{ECFBAE0F-EBDD-461E-9D0E-BEE89F810004}.Release|Any CPU.Build.0 = Release|Any CPU
	EndGlobalSection
	GlobalSection(SolutionProperties) = preSolution
		HideSolutionNode = FALSE
	EndGlobalSection
	GlobalSection(ExtensibilityGlobals) = postSolution
		SolutionGuid = {B8364085-F5A7-4292-A35C-D68A636FF8CE}
	EndGlobalSection
EndGlobal
