
Microsoft Visual Studio Solution File, Format Version 12.00
# Visual Studio 15
VisualStudioVersion = 15.0.28307.102
MinimumVisualStudioVersion = 10.0.40219.1
Project("{FAE04EC0-301F-11D3-BF4B-00C04F79EFBC}") = "62.1._URI-1172", "62.1._URI-1172\62.1._URI-1172.csproj", "{B38520C0-9839-439C-B167-A62CD9E7EE58}"
EndProject
Global
	GlobalSection(SolutionConfigurationPlatforms) = preSolution
		Debug|Any CPU = Debug|Any CPU
		Release|Any CPU = Release|Any CPU
	EndGlobalSection
	GlobalSection(ProjectConfigurationPlatforms) = postSolution
		{B38520C0-9839-439C-B167-A62CD9E7EE58}.Debug|Any CPU.ActiveCfg = Debug|Any CPU
		{B38520C0-9839-439C-B167-A62CD9E7EE58}.Debug|Any CPU.Build.0 = Debug|Any CPU
		{B38520C0-9839-439C-B167-A62CD9E7EE58}.Release|Any CPU.ActiveCfg = Release|Any CPU
		{B38520C0-9839-439C-B167-A62CD9E7EE58}.Release|Any CPU.Build.0 = Release|Any CPU
	EndGlobalSection
	GlobalSection(SolutionProperties) = preSolution
		HideSolutionNode = FALSE
	EndGlobalSection
	GlobalSection(ExtensibilityGlobals) = postSolution
		SolutionGuid = {09C3F12C-3CCA-4BA1-BE5C-7B3272419780}
	EndGlobalSection
EndGlobal
