
Microsoft Visual Studio Solution File, Format Version 12.00
# Visual Studio 15
VisualStudioVersion = 15.0.28307.102
MinimumVisualStudioVersion = 10.0.40219.1
Project("{FAE04EC0-301F-11D3-BF4B-00C04F79EFBC}") = "52.13_URI-1099", "52.13_URI-1099\52.13_URI-1099.csproj", "{D8DF3A80-BB2E-4C84-8946-62382D481066}"
EndProject
Global
	GlobalSection(SolutionConfigurationPlatforms) = preSolution
		Debug|Any CPU = Debug|Any CPU
		Release|Any CPU = Release|Any CPU
	EndGlobalSection
	GlobalSection(ProjectConfigurationPlatforms) = postSolution
		{D8DF3A80-BB2E-4C84-8946-62382D481066}.Debug|Any CPU.ActiveCfg = Debug|Any CPU
		{D8DF3A80-BB2E-4C84-8946-62382D481066}.Debug|Any CPU.Build.0 = Debug|Any CPU
		{D8DF3A80-BB2E-4C84-8946-62382D481066}.Release|Any CPU.ActiveCfg = Release|Any CPU
		{D8DF3A80-BB2E-4C84-8946-62382D481066}.Release|Any CPU.Build.0 = Release|Any CPU
	EndGlobalSection
	GlobalSection(SolutionProperties) = preSolution
		HideSolutionNode = FALSE
	EndGlobalSection
	GlobalSection(ExtensibilityGlobals) = postSolution
		SolutionGuid = {F317923C-5104-40D6-9029-766D24D686AF}
	EndGlobalSection
EndGlobal
