
Microsoft Visual Studio Solution File, Format Version 12.00
# Visual Studio 15
VisualStudioVersion = 15.0.28307.102
MinimumVisualStudioVersion = 10.0.40219.1
Project("{FAE04EC0-301F-11D3-BF4B-00C04F79EFBC}") = "61.4_Exercicio_Vetores_04", "61.4_Exercicio_Vetores_04\61.4_Exercicio_Vetores_04.csproj", "{C508B9DF-6E6A-47F4-87F7-AD4CCB7C2640}"
EndProject
Global
	GlobalSection(SolutionConfigurationPlatforms) = preSolution
		Debug|Any CPU = Debug|Any CPU
		Release|Any CPU = Release|Any CPU
	EndGlobalSection
	GlobalSection(ProjectConfigurationPlatforms) = postSolution
		{C508B9DF-6E6A-47F4-87F7-AD4CCB7C2640}.Debug|Any CPU.ActiveCfg = Debug|Any CPU
		{C508B9DF-6E6A-47F4-87F7-AD4CCB7C2640}.Debug|Any CPU.Build.0 = Debug|Any CPU
		{C508B9DF-6E6A-47F4-87F7-AD4CCB7C2640}.Release|Any CPU.ActiveCfg = Release|Any CPU
		{C508B9DF-6E6A-47F4-87F7-AD4CCB7C2640}.Release|Any CPU.Build.0 = Release|Any CPU
	EndGlobalSection
	GlobalSection(SolutionProperties) = preSolution
		HideSolutionNode = FALSE
	EndGlobalSection
	GlobalSection(ExtensibilityGlobals) = postSolution
		SolutionGuid = {39060DDE-FEA8-44CA-B653-5D310AE4EF13}
	EndGlobalSection
EndGlobal
